
Microsoft Visual Studio Solution File, Format Version 12.00
Project("{FAE04EC0-301F-11D3-BF4B-00C04F79EFBC}") = "CryptoBank.WebApi", "CryptoBank.WebApi\CryptoBank.WebApi.csproj", "{5D1D31C6-2E67-4477-A538-3EADEC6A729F}"
EndProject
Global
	GlobalSection(SolutionConfigurationPlatforms) = preSolution
		Debug|Any CPU = Debug|Any CPU
		Release|Any CPU = Release|Any CPU
	EndGlobalSection
	GlobalSection(ProjectConfigurationPlatforms) = postSolution
		{5D1D31C6-2E67-4477-A538-3EADEC6A729F}.Debug|Any CPU.ActiveCfg = Debug|Any CPU
		{5D1D31C6-2E67-4477-A538-3EADEC6A729F}.Debug|Any CPU.Build.0 = Debug|Any CPU
		{5D1D31C6-2E67-4477-A538-3EADEC6A729F}.Release|Any CPU.ActiveCfg = Release|Any CPU
		{5D1D31C6-2E67-4477-A538-3EADEC6A729F}.Release|Any CPU.Build.0 = Release|Any CPU
	EndGlobalSection
EndGlobal
